
Microsoft Visual Studio Solution File, Format Version 12.00
# Visual Studio Version 17
VisualStudioVersion = 17.12.35527.113
MinimumVisualStudioVersion = 10.0.40219.1
Project("{FAE04EC0-301F-11D3-BF4B-00C04F79EFBC}") = "APPOS", "APPOS.csproj", "{B06F9E45-EC9F-4338-9BCB-73D12B17F856}"
EndProject
Global
	GlobalSection(SolutionConfigurationPlatforms) = preSolution
		Debug|Any CPU = Debug|Any CPU
		Release|Any CPU = Release|Any CPU
	EndGlobalSection
	GlobalSection(ProjectConfigurationPlatforms) = postSolution
		{B06F9E45-EC9F-4338-9BCB-73D12B17F856}.Debug|Any CPU.ActiveCfg = Debug|Any CPU
		{B06F9E45-EC9F-4338-9BCB-73D12B17F856}.Debug|Any CPU.Build.0 = Debug|Any CPU
		{B06F9E45-EC9F-4338-9BCB-73D12B17F856}.Debug|Any CPU.Deploy.0 = Debug|Any CPU
		{B06F9E45-EC9F-4338-9BCB-73D12B17F856}.Release|Any CPU.ActiveCfg = Release|Any CPU
		{B06F9E45-EC9F-4338-9BCB-73D12B17F856}.Release|Any CPU.Build.0 = Release|Any CPU
	EndGlobalSection
	GlobalSection(SolutionProperties) = preSolution
		HideSolutionNode = FALSE
	EndGlobalSection
EndGlobal
